Microsoft Visual Studio Solution File, Format Version 12.00
# Visual Studio Version 17
VisualStudioVersion = 17.5.2.0
MinimumVisualStudioVersion = 10.0.40219.1
Project("{FAE04EC0-301F-11D3-BF4B-00C04F79EFBC}") = "Routing_01", "Routing_01\Routing_01.csproj", "{B4D63F86-E664-B5AD-14A7-A36BFDE08262}"
EndProject
Global
	GlobalSection(SolutionConfigurationPlatforms) = preSolution
		Debug|Any CPU = Debug|Any CPU
		Release|Any CPU = Release|Any CPU
	EndGlobalSection
	GlobalSection(ProjectConfigurationPlatforms) = postSolution
		{B4D63F86-E664-B5AD-14A7-A36BFDE08262}.Debug|Any CPU.ActiveCfg = Debug|Any CPU
		{B4D63F86-E664-B5AD-14A7-A36BFDE08262}.Debug|Any CPU.Build.0 = Debug|Any CPU
		{B4D63F86-E664-B5AD-14A7-A36BFDE08262}.Release|Any CPU.ActiveCfg = Release|Any CPU
		{B4D63F86-E664-B5AD-14A7-A36BFDE08262}.Release|Any CPU.Build.0 = Release|Any CPU
	EndGlobalSection
	GlobalSection(SolutionProperties) = preSolution
		HideSolutionNode = FALSE
	EndGlobalSection
	GlobalSection(ExtensibilityGlobals) = postSolution
		SolutionGuid = {EE763136-8EB6-4D42-AA63-68F5C1E4C617}
	EndGlobalSection
EndGlobal
